
Microsoft Visual Studio Solution File, Format Version 12.00
# Visual Studio Version 16
VisualStudioVersion = 16.0.30611.23
MinimumVisualStudioVersion = 10.0.40219.1
Project("{FAE04EC0-301F-11D3-BF4B-00C04F79EFBC}") = "Scala.Klassen.Wpf", "Scala.Klassen.Wpf\Scala.Klassen.Wpf.csproj", "{C244DCAF-C56A-4EA1-A13A-078CDBB93F68}"
EndProject
Global
	GlobalSection(SolutionConfigurationPlatforms) = preSolution
		Debug|Any CPU = Debug|Any CPU
		Release|Any CPU = Release|Any CPU
	EndGlobalSection
	GlobalSection(ProjectConfigurationPlatforms) = postSolution
		{C244DCAF-C56A-4EA1-A13A-078CDBB93F68}.Debug|Any CPU.ActiveCfg = Debug|Any CPU
		{C244DCAF-C56A-4EA1-A13A-078CDBB93F68}.Debug|Any CPU.Build.0 = Debug|Any CPU
		{C244DCAF-C56A-4EA1-A13A-078CDBB93F68}.Release|Any CPU.ActiveCfg = Release|Any CPU
		{C244DCAF-C56A-4EA1-A13A-078CDBB93F68}.Release|Any CPU.Build.0 = Release|Any CPU
	EndGlobalSection
	GlobalSection(SolutionProperties) = preSolution
		HideSolutionNode = FALSE
	EndGlobalSection
	GlobalSection(ExtensibilityGlobals) = postSolution
		SolutionGuid = {0D15DB0F-5BC6-4077-91E9-67C448839E48}
	EndGlobalSection
EndGlobal
